https://196.rpc.thirdweb.com
https://1rpc.io
https://42220.rpc.thirdweb.com
https://9745.rpc.thirdweb.com
https://aggregator-api.kyberswap.com
https://api-explorer.linea.build
https://api.avax.network
https://api.blockchair.com
https://api.blockcypher.com
https://api.coingecko.com
https://api.coinpaprika.com
https://api.cow.fi
https://api.jup.ag
https://api.koios.rest
https://api.mainnet.aptoslabs.com
https://api.mainnet.solana.com
https://api.routescan.io
https://api.trongrid.io
https://api.tronstack.io
https://api.velora.xyz
https://api.yoroiwallet.com
https://aptos-rest.publicnode.com
https://arb1.arbitrum.io
https://arbitrum-one-rpc.publicnode.com
https://arbitrum.blockscout.com
https://arbitrum.drpc.org
https://arbitrum.meowrpc.com
https://asset-hub-polkadot-rpc.n.dwellir.com
https://assets.coingecko.com
https://avalanche-c-chain-rpc.publicnode.com
https://avalanche.drpc.org
https://base-rpc.publicnode.com
https://base.blockscout.com
https://base.drpc.org
https://blockstream.info
https://bsc-dataseed.bnbchain.org
https://bsc-dataseed1.defibit.io
https://bsc-dataseed1.ninicoin.io
https://bsc-rpc.publicnode.com
https://celo-rpc.publicnode.com
https://celo.blockscout.com
https://cloudflare-eth.com
https://coin-images.coingecko.com
https://eth.blockscout.com
https://eth.drpc.org
https://ethereum-rpc.publicnode.com
https://explorer.optimism.io
https://forno.celo.org
https://free.rpc.fastnear.com
https://fullnode.mainnet.sui.io
https://graphql.mainnet.sui.io
https://horizon.stellar.lobstr.co
https://horizon.stellar.org
https://li.quest
https://linea-rpc.publicnode.com
https://linea.drpc.org
https://litecoinspace.org
https://mainnet.base.org
https://mainnet.optimism.io
https://mainnet.unichain.org
https://mempool.emzy.de
https://mempool.space
https://near.drpc.org
https://open-api.de1.exchange
https://optimism-rpc.publicnode.com
https://optimism.drpc.org
https://plasma.gateway.tenderly.co
https://polkadot-asset-hub-public-sidecar.parity-chains.parity.io
https://polkadot-asset-hub-rpc.polkadot.io
https://polygon-bor-rpc.publicnode.com
https://polygon.blockscout.com
https://polygon.drpc.org
https://rpc-asset-hub-polkadot.luckyfriday.io
https://rpc-mainnet.suiscan.xyz
https://rpc.flashbots.net
https://rpc.intea.rs
https://rpc.linea.build
https://rpc.mevblocker.io
https://rpc.plasma.to
https://rpc.sentio.xyz
https://rpc.shitzuapes.xyz
https://rpc.soniclabs.com
https://rpc.xlayer.tech
https://s1.ripple.com
https://s2.ripple.com
https://solana-mainnet.gateway.tatum.io
https://solana-rpc.publicnode.com
https://sonic-rpc.publicnode.com
https://sonic.drpc.org
https://statemint.api.onfinality.io
https://subquery-history-polkadot-ah-prod.novasama-tech.org
https://sui-mainnet.nodeinfra.com
https://tonapi.io
https://toncenter.com
https://tron-rpc.publicnode.com
https://tx.main.fastnear.com
https://unichain-rpc.publicnode.com
https://unichain.blockscout.com
https://unichain.drpc.org
https://www.okx.com
https://xlayer.drpc.org
https://xrplcluster.com
https://zero.yoroiwallet.com
