https://1rpc.io
https://api.avax.network
https://api.blockchair.com
https://api.blockcypher.com
https://api.coingecko.com
https://api.coinpaprika.com
https://api.jup.ag
https://api.mainnet.solana.com
https://api.routescan.io
https://api.trongrid.io
https://api.tronstack.io
https://arb1.arbitrum.io
https://arbitrum-one-rpc.publicnode.com
https://arbitrum.blockscout.com
https://arbitrum.drpc.org
https://avalanche-c-chain-rpc.publicnode.com
https://avalanche.drpc.org
https://base-rpc.publicnode.com
https://base.blockscout.com
https://base.drpc.org
https://blockstream.info
https://bsc-dataseed.bnbchain.org
https://bsc-dataseed1.defibit.io
https://bsc-dataseed1.ninicoin.io
https://bsc-rpc.publicnode.com
https://cloudflare-eth.com
https://eth.blockscout.com
https://eth.drpc.org
https://ethereum-rpc.publicnode.com
https://explorer.optimism.io
https://horizon.stellar.lobstr.co
https://horizon.stellar.org
https://litecoinspace.org
https://mainnet.base.org
https://mainnet.optimism.io
https://mempool.emzy.de
https://mempool.space
https://optimism-rpc.publicnode.com
https://optimism.drpc.org
https://polygon-bor-rpc.publicnode.com
https://polygon.blockscout.com
https://polygon.drpc.org
https://rpc.flashbots.net
https://rpc.mevblocker.io
https://s1.ripple.com
https://s2.ripple.com
https://solana-mainnet.gateway.tatum.io
https://solana-rpc.publicnode.com
https://tonapi.io
https://toncenter.com
https://tron-rpc.publicnode.com
https://www.okx.com
https://xrplcluster.com
