{
  "origem": "https://github.com/bitcoin-core/secp256k1",
  "versao": "v0.8.0",
  "tag_objeto": "18f07c42218765cd46148d74d9fe575795f56dce",
  "tarball_sha256": "eb52b0e9239dff7dc26be5f9623567141b8720ec47da29eb3c1e0a660d17c8bb",
  "arquivos": {
    "COPYING": "a735999c7e5649df6fcda6fb06ab97435851c392b1b93494ae8725f37441632f",
    "include/secp256k1.h": "b20af3448985fa64e61b07cc9937f23f873e40e38a6cde169ad4ee4af55cd830",
    "include/secp256k1_extrakeys.h": "7c3468c9fd192ad152c5cf042cb44938961d752fcf19966123ce6a5e3fd31637",
    "include/secp256k1_preallocated.h": "b7283d4cc9c13bb2572dc92e69cea76f3270403baf5748ea4d91a1064b951b85",
    "include/secp256k1_recovery.h": "3b2efb3ccf53e9f1bce93a4afae31946585958d5cba3b38fdfb1eea4c6ce2622",
    "include/secp256k1_schnorrsig.h": "9b72c2199046d815df533d61a0287c1f4ca73cdef2195666c0c57d284e0c84cc",
    "src/assumptions.h": "cc875f356cc8f7f272def71f7d7261e44cc27a18a5b668cd8192c84d238e4e68",
    "src/bench.h": "575fc51f87564f46856959f88753b37b3c4c1f09c772e7f43a5d59c68f24e9c9",
    "src/checkmem.h": "f367089bffa53b8998047de2f718f75d627dad549a1e5dc2a9ce9ab9f581ffe8",
    "src/ecdsa.h": "f97753416b0971133ad9d8acf9af02259931d0285a0333a9753201a353070ef6",
    "src/ecdsa_impl.h": "883ad9ac4dfa224a1cc97bc2a4cc09b1078545a1632917dac2524a18ba4e53ee",
    "src/eckey.h": "cf511599285faecd27ace6191eca3945d85bc852b11076a1b1727759a6b03056",
    "src/eckey_impl.h": "4d327c593520c3f60f7b86d407df0870c26cf58037e4156ba8f92258304fd6b6",
    "src/ecmult.h": "1e87f35efb7e7e5b6ea1d6ec22bbaeab33ccd4eacc41a9092ee518ece9237ced",
    "src/ecmult_compute_table.h": "5a8ce69b18d777c3ad608ef173fd6a47c75b9c37bc6801f19ca4c44eb4b9f8f6",
    "src/ecmult_compute_table_impl.h": "6082339f616cd5a628300df24e66353c1374a117e24ddd474fe6151dbc620d60",
    "src/ecmult_const.h": "4705e7baabcbf8fd1853f8cef45a7f6a3075b98925d91cc209afda2c956942ba",
    "src/ecmult_const_impl.h": "07238bcf17c3292bb8198f7f37baf068bdc9a6a57f843c439e220eb08f400607",
    "src/ecmult_gen.h": "b15359caff9a96a348d23305b20b6b0f24d667d2614e3e078b0749e3aaedeb75",
    "src/ecmult_gen_compute_table.h": "51eb54b0cb7b49b25cf751efb2799322d73c97bc9bdd2a263feff2d2d6eeff9f",
    "src/ecmult_gen_compute_table_impl.h": "9ae524743bb5871bff7e41e48b61218336b1919769132aafa944283ef1bb88f2",
    "src/ecmult_gen_impl.h": "a97fb72b41a12644520c09e9290346e7bd52c48492a74d6c90613e869163f88b",
    "src/ecmult_impl.h": "ce70d26cb987c9bb2a2477389459437fc2831546c9c14404b58cf7ed07f32cc1",
    "src/field.h": "4a044d83637686a021448c152bcef029337af9c53ce5d70983b73fa450b58ffc",
    "src/field_10x26.h": "ba9a43b62e7e70e6e18af2787bd01dfc3a57fea527cf8ad0333194211ac7d7de",
    "src/field_10x26_impl.h": "4c23a9466b333a49e2a974f3472cec8a5379fcd69fb8ff2ebc76d1aafd444784",
    "src/field_5x52.h": "cbaa91c253ba84d99efcd334c7a39906c164d5edf3cde81200a44a606205cdce",
    "src/field_5x52_impl.h": "2c42559c21f23ca02848b76b29c5a2aca36d2fd932b902adfc9ba755ff850f6c",
    "src/field_5x52_int128_impl.h": "9f3071c7da547b94e0e6eabe0dbedc42535ea7c470f1dc891d0a24aa5d19dcf7",
    "src/field_impl.h": "a0ffc1e76ae4087ecb0a38bff62924710c5094ba9a209aeadc73a291b2f7b2af",
    "src/group.h": "f5f85b79a0c1659bf0a85ff199844b60fc2ace13d46c15fcac518e1db0ee1fb0",
    "src/group_impl.h": "f55f65b95486c79ab44b55a767fb0879b27983a119757f9207b3c367478ff29e",
    "src/hash.h": "4a30c765a9bd49b57bba6a0879fdea66f915f606e6f9f4c92abf580668d50999",
    "src/hash_impl.h": "e7d20d64807cda921dbb816fdc80085287272a718cc5f97c15720449317196d2",
    "src/hsort.h": "220cb669835d34c252598ecff860c93edda337a9f8c2fc07b2b6cead7d48b284",
    "src/hsort_impl.h": "2861489c01b927b27d99efe173799a812434748b4addd30d102187ce4f3b66a9",
    "src/int128.h": "89ac5d91d64f857038d063dd70eec4b29b4f32aa218c790fe049137c347186cb",
    "src/int128_impl.h": "5683c02dfc495639da259d80624711c1c449bbaee6186729e399e713a28b4719",
    "src/int128_native.h": "b4c52c7ff091083f5eca9879b98641c7a38356a3c5321cbcc22ae1573e7711e1",
    "src/int128_native_impl.h": "ecaafefadbde3db034d4f44678096833d2d113fd21b4ff7044095b6153ec03a8",
    "src/int128_struct.h": "0733b3a65719a1e9a8fb3564c71a38f2f31ca3522f40087d536dba90361b66e7",
    "src/int128_struct_impl.h": "0b4e2200327f5357078ba43b0e0514c58c2b1eb217b87ebc14d95efb913b5be2",
    "src/modinv32.h": "774887ccd462b145434d1d6b9ae9455aa3618e791544a2b61267e18931d5010d",
    "src/modinv32_impl.h": "befe02af7099a871677c7b05a81302dff5a4dc1d59f19b20bcb58cc28e096112",
    "src/modinv64.h": "b71cf177d768beac28fcb4f0ef545aafaad16ad0f275c70ee4c60b5f7549ac41",
    "src/modinv64_impl.h": "1254dc7ea941fc4d4ef0a85eed80db58d9e2647a8b8d19238d6afc048d63764d",
    "src/modules/extrakeys/main_impl.h": "6c002046bda20ffb8767cac1c6800dd3b8e9be9e648772a1498539159a4b4937",
    "src/modules/recovery/main_impl.h": "fbec2358a560b669d85720108b0b1a8f653c91531a88ded0a1da339445266cc9",
    "src/modules/schnorrsig/main_impl.h": "c427a1b90af376af23157268fafc844097970e44d718c68b1e2fe74c3a37b3b5",
    "src/precomputed_ecmult.c": "1fba19c482de09f566ed9e7bf6a526e4edb59a1cf38218e3ab413000a0e0deda",
    "src/precomputed_ecmult.h": "d792b8a49759deff5f1e4092558fa9ae11d24e02695e44bee63a8f0ba8e18503",
    "src/precomputed_ecmult_gen.c": "c0a7af0884b7b07962be67e9da674e0d75a8d412d116153b8eae2a9e5527d401",
    "src/precomputed_ecmult_gen.h": "8f514bed441bccf7e34ff05ff49d3a44e9395519a8fdcf176e6aeab7b5dbd5fc",
    "src/scalar.h": "4e9622fb9b90e971ee40f1f5b7598fc5067870512db1ace4241333d1329e856b",
    "src/scalar_4x64.h": "42aed583b28bda7982c54a6f63e50c0ae5f9c27d5f66d92ec6bf6c90e765735a",
    "src/scalar_4x64_impl.h": "92bc1023ee0e53cbd955a779b2f70d8b29bdc51ca02b61f23dda7054455264de",
    "src/scalar_8x32.h": "0614cea113aea88a47ef3b2ba8167722e850d7b2a696a4f16b03ec9a320ef1d6",
    "src/scalar_8x32_impl.h": "19ad58cb2a3699c979ee2baf072586302ff2b3a7cfe59c7bd91c5c01120e8727",
    "src/scalar_impl.h": "6ba654bd4edc0349d1d7f1dfc25ba2d73dd9f2ecdca8078e384bf7b7837d663f",
    "src/scalar_low.h": "3cab20db10224ff85ee7c6d975d2968c1370ed8e96ea26b94650f6e2bac31ac4",
    "src/scalar_low_impl.h": "188ea86c20ada218798c558fed63f0ed6267e3cf5ee7e79be2db07cc8584c064",
    "src/scratch.h": "4af5e1ff665c0418bcc5b1c2de954e7b377f9bdfdd4309e0296938918fac11ef",
    "src/scratch_impl.h": "294a55d429fa4cc9dec46ade345bbb2bfdff4055eb1cbf1ba6168a23e5e74db6",
    "src/secp256k1.c": "c9eff089d8cd7c5b3a843bf5ca1cc9d3fdac3a4a84b7d446e5a53e2bbd0d712a",
    "src/selftest.h": "2eda8afb246812b36e9761977c93ed75a95e1ccfbdab1c31ffba4986b937335e",
    "src/testrand.h": "716ca2566258ae09b04e27df76d2c2c5d3c1614a891461fdf0e5aa126d0cf819",
    "src/testrand_impl.h": "1dda83d9d288abbd92eb04b2d7f6d7d2e0a489afda8fe2e65bffca74fdf02cc3",
    "src/tests_common.h": "d7bcac998247023f3040357e701d80e1e23868714aa58a8f38b0f55596781dc3",
    "src/testutil.h": "5a780fc16fcd8549ea4774d15beb2d36c6ad9a2ca7180dd95f84199a2863d1ff",
    "src/unit_test.h": "650eac2b31c6eedd961023f339332136a4c1cf72e06bab05431645acdc1a1510",
    "src/util.h": "1ae020ca4feba019413b549de263e7c07c656fa1f9edd6b63cc563943ae4097b",
    "src/util_local_visibility.h": "d47d4a58f40157ab2a298151f366c5ebec8f7a1e7aaba88e36b530b1c01584ca"
  }
}