// !$*UTF8*$!
{
	archiveVersion = 1;
	classes = {
	};
	objectVersion = 77;
	objects = {

/* Begin PBXBuildFile section */
		0B7E83EED78DFCB68FCE521B /* MarketView.swift in Sources */ = {isa = PBXBuildFile; fileRef = A1BADB432EFAFD601991FB0A /* MarketView.swift */; };
		0BD31CF923D94F41C7BF61FE /* FORMATO.md in Resources */ = {isa = PBXBuildFile; fileRef = CF3019F2F06749CD522B32AB /* FORMATO.md */; };
		12BD568C64CF45967323782A /* EscaliburCore in Frameworks */ = {isa = PBXBuildFile; productRef = A4C81A0CCD412F2DC84E5F3E /* EscaliburCore */; };
		17CA7D116449E54B8C9164F4 /* EscaliburWalletApp.swift in Sources */ = {isa = PBXBuildFile; fileRef = 355CF68861420A9DC552DF01 /* EscaliburWalletApp.swift */; };
		19E1559AA99AE5A16A3BD1AC /* QRScannerSheet.swift in Sources */ = {isa = PBXBuildFile; fileRef = 7543B278315E1446160A8DAF /* QRScannerSheet.swift */; };
		20F684E79E7161139654F6DE /* OnboardingFlowTests.swift in Sources */ = {isa = PBXBuildFile; fileRef = CAD9F6152DC6477FF648F72C /* OnboardingFlowTests.swift */; };
		2468359EF9FB1503F19395D5 /* AuthCoordinator.swift in Sources */ = {isa = PBXBuildFile; fileRef = D423B66DA20C4DA018418902 /* AuthCoordinator.swift */; };
		26ABABDDB73200E71CD0D50F /* WalletHomeView.swift in Sources */ = {isa = PBXBuildFile; fileRef = 0E3E554F1FF4F3B1B0A077A6 /* WalletHomeView.swift */; };
		271A5135782331B746AC5833 /* VoiceGate.swift in Sources */ = {isa = PBXBuildFile; fileRef = C114911EA7725CA6C7171D11 /* VoiceGate.swift */; };
		2ADDAFAC91F93366C64CECDF /* Format.swift in Sources */ = {isa = PBXBuildFile; fileRef = D0E6EBFF95E21A9523382BC5 /* Format.swift */; };
		32C85CC66E71ADDE142F2B2C /* OpenEnvelopeFlow.swift in Sources */ = {isa = PBXBuildFile; fileRef = 782DB62D8556B5675B57F47E /* OpenEnvelopeFlow.swift */; };
		3436AC2D44A808B71561FBA0 /* RootView.swift in Sources */ = {isa = PBXBuildFile; fileRef = 7E67A652A823737F6EAC7745 /* RootView.swift */; };
		3967E001B19F4B47911C2FC2 /* PasswordCost.swift in Sources */ = {isa = PBXBuildFile; fileRef = 09712057581F9378B87996C5 /* PasswordCost.swift */; };
		39A4945DC4DAEFEDE0DBEB1F /* PINPad.swift in Sources */ = {isa = PBXBuildFile; fileRef = 781A92DCAC657FBE12804D78 /* PINPad.swift */; };
		424496A6E4E34E2651C3AC55 /* DebugDemo.swift in Sources */ = {isa = PBXBuildFile; fileRef = 71977F38FE1026DDFD0C189A /* DebugDemo.swift */; };
		57B948F45FB2B7684F3E0E2C /* SecureInputField.swift in Sources */ = {isa = PBXBuildFile; fileRef = 77C53992781573FB54743C00 /* SecureInputField.swift */; };
		5848F371CF905048C9ABA616 /* RecordWordsView.swift in Sources */ = {isa = PBXBuildFile; fileRef = F5287E825D53043F109D791D /* RecordWordsView.swift */; };
		5932324C0521646D89823F75 /* ContactsView.swift in Sources */ = {isa = PBXBuildFile; fileRef = 85AD68422B44E0DD96545710 /* ContactsView.swift */; };
		5E9A7A552DC87E261A506B48 /* EscaliburKeys in Frameworks */ = {isa = PBXBuildFile; productRef = 0911AD585A30024A352B31B6 /* EscaliburKeys */; };
		6832C52B400E2CFFD88D7305 /* Metrics.swift in Sources */ = {isa = PBXBuildFile; fileRef = E7B2519CA657D4A05E4C4A06 /* Metrics.swift */; };
		764A13E8CD7AFD1D2F471CDF /* ActivityView.swift in Sources */ = {isa = PBXBuildFile; fileRef = CCC223F64D98A451F9C2AFD2 /* ActivityView.swift */; };
		76A2BB3A1E60F49DD5B818C6 /* Components.swift in Sources */ = {isa = PBXBuildFile; fileRef = BC0C91AC7C8CD9C5B8D31703 /* Components.swift */; };
		7A74109E68924D0D8E3AC608 /* decifrar.py in Resources */ = {isa = PBXBuildFile; fileRef = 878FC0383FDC934FC98F0EA0 /* decifrar.py */; };
		7B173231DE2779A868F26303 /* EscaliburEngines in Frameworks */ = {isa = PBXBuildFile; productRef = 3E79C0581616E2A098D4B56B /* EscaliburEngines */; };
		7E1A69CBC8BDCE4F37921E6E /* SendFlow.swift in Sources */ = {isa = PBXBuildFile; fileRef = 09754506E0869351661279D1 /* SendFlow.swift */; };
		8A3A9028D49AF27A483E090C /* EscaliburNetwork in Frameworks */ = {isa = PBXBuildFile; productRef = C09378074DCB9273C75F8FA1 /* EscaliburNetwork */; };
		8AD9BAAFA95723925CCB3A6D /* Router.swift in Sources */ = {isa = PBXBuildFile; fileRef = C10914896D99BB58942178E3 /* Router.swift */; };
		8C41E86F595FADDBED53F5FB /* OnboardingFlow.swift in Sources */ = {isa = PBXBuildFile; fileRef = B8A6F64264BCB67BF77E407A /* OnboardingFlow.swift */; };
		90598C8C8DF76C86015A5AF8 /* PlatformGuards.swift in Sources */ = {isa = PBXBuildFile; fileRef = 4A0E9C686393C93E1E34895B /* PlatformGuards.swift */; };
		91F8E34E141C393E6B6C5CE6 /* AddWalletView.swift in Sources */ = {isa = PBXBuildFile; fileRef = 634FB486C1AC19A1DC738122 /* AddWalletView.swift */; };
		93415D653E703DD5BF6B4C78 /* EscaliburChains in Frameworks */ = {isa = PBXBuildFile; productRef = 10B4A1AD96C0179B1C450517 /* EscaliburChains */; };
		94C21BC26784B1AD6AE63CB8 /* NewWalletFlow.swift in Sources */ = {isa = PBXBuildFile; fileRef = 15276BF5A254093B41A55B40 /* NewWalletFlow.swift */; };
		94DBFEF727803296C21B8924 /* VoiceSettingsView.swift in Sources */ = {isa = PBXBuildFile; fileRef = 1083A2AC68687CB05E28823A /* VoiceSettingsView.swift */; };
		9A8477455F2ABEB9D91113AF /* Portfolio.swift in Sources */ = {isa = PBXBuildFile; fileRef = 4027F05D922AF46864DCED58 /* Portfolio.swift */; };
		9D854536327CD96F2ADF6FAB /* Palette.swift in Sources */ = {isa = PBXBuildFile; fileRef = AAEF81421478F9FA6F85FE56 /* Palette.swift */; };
		A2EB350AFF4C3B63897F97DA /* Metadata.swift in Sources */ = {isa = PBXBuildFile; fileRef = 93C77E773E63B6664F4262AD /* Metadata.swift */; };
		A86E2552260E069EEA06CFAE /* TradeView.swift in Sources */ = {isa = PBXBuildFile; fileRef = E34BAC1217309C0064F23CE7 /* TradeView.swift */; };
		B259A28741C3A8C0F7D74759 /* CoinLogo.swift in Sources */ = {isa = PBXBuildFile; fileRef = C9DC6B0CBDCCFACCFD0295B9 /* CoinLogo.swift */; };
		C9C99BCB70E1AFF3536D3968 /* AppSession.swift in Sources */ = {isa = PBXBuildFile; fileRef = A98E0FCFFA466C4A03F3490A /* AppSession.swift */; };
		CE83B0D99CF75C35C220FAB4 /* RevealFlow.swift in Sources */ = {isa = PBXBuildFile; fileRef = 529FF2FD620686A71B265A06 /* RevealFlow.swift */; };
		D9993FE2FD6DDDCA4F84E8C6 /* PriceChart.swift in Sources */ = {isa = PBXBuildFile; fileRef = BEDF5B057ACFC03FB7CA324E /* PriceChart.swift */; };
		D9BE60229797504784BC6F97 /* KeyServices.swift in Sources */ = {isa = PBXBuildFile; fileRef = 1722E329135DB398B784E8C8 /* KeyServices.swift */; };
		DA717CEE0E76AEF1F0CBCE9A /* LEIA-ME.txt in Resources */ = {isa = PBXBuildFile; fileRef = 445327A094057374455F9FD5 /* LEIA-ME.txt */; };
		DAC0E966C277EFDAF466D0EB /* DeviceIntegrity.swift in Sources */ = {isa = PBXBuildFile; fileRef = F5ECD2EB5627AA912E7957E4 /* DeviceIntegrity.swift */; };
		E09B8272656E909426D4987D /* Buttons.swift in Sources */ = {isa = PBXBuildFile; fileRef = 98B99C8E82247CAD42E358D7 /* Buttons.swift */; };
		E345A5856750B23E38B8A35E /* SealEnvelopeFlow.swift in Sources */ = {isa = PBXBuildFile; fileRef = 31B37C01BC744F32B7EE6352 /* SealEnvelopeFlow.swift */; };
		E74B179E19640B5584F2F303 /* Typography.swift in Sources */ = {isa = PBXBuildFile; fileRef = 38287337A415C5A48CB564C8 /* Typography.swift */; };
		EAD6592758D7814329227F15 /* SettingsView.swift in Sources */ = {isa = PBXBuildFile; fileRef = 7372B2C6D0156F65AA215FE5 /* SettingsView.swift */; };
		F2B74E9DFA78D4082923023D /* AssetDetailView.swift in Sources */ = {isa = PBXBuildFile; fileRef = 0AB2C6C888DAF848A575AD7A /* AssetDetailView.swift */; };
		F60A5B68C1C271353B804B0B /* ReceiveSheet.swift in Sources */ = {isa = PBXBuildFile; fileRef = B2CB54D5FE5615D8A3F582F8 /* ReceiveSheet.swift */; };
		F6959527BC4CC168A38CFA35 /* LockView.swift in Sources */ = {isa = PBXBuildFile; fileRef = D4DB4670DA96F1FBC6FF41CC /* LockView.swift */; };
		F8EA2B1B268220A255B30FAB /* ImportPhraseView.swift in Sources */ = {isa = PBXBuildFile; fileRef = 98728880640B5B94955214E7 /* ImportPhraseView.swift */; };
		F9AA5C1E81DED2AF9F55AA8C /* Assets.xcassets in Resources */ = {isa = PBXBuildFile; fileRef = 2D484651018FF5D48FD37087 /* Assets.xcassets */; };
		FABE9F4C3D6EBE05D7CB48CE /* Marks.swift in Sources */ = {isa = PBXBuildFile; fileRef = E7441E45998B7F6AA7BCE1E4 /* Marks.swift */; };
/* End PBXBuildFile section */

/* Begin PBXContainerItemProxy section */
		497EF24990B881650CE9EB59 /* PBXContainerItemProxy */ = {
			isa = PBXContainerItemProxy;
			containerPortal = 8F06F4F27AF9A8EDF471ECC0 /* Project object */;
			proxyType = 1;
			remoteGlobalIDString = 56CDD72F2FFC48B00F5FA0D8;
			remoteInfo = EscaliburWallet;
		};
/* End PBXContainerItemProxy section */

/* Begin PBXFileReference section */
		09712057581F9378B87996C5 /* PasswordCost.swift */ = {isa = PBXFileReference; lastKnownFileType = sourcecode.swift; path = PasswordCost.swift; sourceTree = "<group>"; };
		09754506E0869351661279D1 /* SendFlow.swift */ = {isa = PBXFileReference; lastKnownFileType = sourcecode.swift; path = SendFlow.swift; sourceTree = "<group>"; };
		0AB2C6C888DAF848A575AD7A /* AssetDetailView.swift */ = {isa = PBXFileReference; lastKnownFileType = sourcecode.swift; path = AssetDetailView.swift; sourceTree = "<group>"; };
		0E3E554F1FF4F3B1B0A077A6 /* WalletHomeView.swift */ = {isa = PBXFileReference; lastKnownFileType = sourcecode.swift; path = WalletHomeView.swift; sourceTree = "<group>"; };
		1083A2AC68687CB05E28823A /* VoiceSettingsView.swift */ = {isa = PBXFileReference; lastKnownFileType = sourcecode.swift; path = VoiceSettingsView.swift; sourceTree = "<group>"; };
		1292233C35D3175EC36E4F70 /* EscaliburWallet.app */ = {isa = PBXFileReference; includeInIndex = 0; lastKnownFileType = wrapper.application; path = EscaliburWallet.app; sourceTree = BUILT_PRODUCTS_DIR; };
		15276BF5A254093B41A55B40 /* NewWalletFlow.swift */ = {isa = PBXFileReference; lastKnownFileType = sourcecode.swift; path = NewWalletFlow.swift; sourceTree = "<group>"; };
		1722E329135DB398B784E8C8 /* KeyServices.swift */ = {isa = PBXFileReference; lastKnownFileType = sourcecode.swift; path = KeyServices.swift; sourceTree = "<group>"; };
		2D484651018FF5D48FD37087 /* Assets.xcassets */ = {isa = PBXFileReference; lastKnownFileType = folder.assetcatalog; path = Assets.xcassets; sourceTree = "<group>"; };
		31B37C01BC744F32B7EE6352 /* SealEnvelopeFlow.swift */ = {isa = PBXFileReference; lastKnownFileType = sourcecode.swift; path = SealEnvelopeFlow.swift; sourceTree = "<group>"; };
		355CF68861420A9DC552DF01 /* EscaliburWalletApp.swift */ = {isa = PBXFileReference; lastKnownFileType = sourcecode.swift; path = EscaliburWalletApp.swift; sourceTree = "<group>"; };
		38287337A415C5A48CB564C8 /* Typography.swift */ = {isa = PBXFileReference; lastKnownFileType = sourcecode.swift; path = Typography.swift; sourceTree = "<group>"; };
		4027F05D922AF46864DCED58 /* Portfolio.swift */ = {isa = PBXFileReference; lastKnownFileType = sourcecode.swift; path = Portfolio.swift; sourceTree = "<group>"; };
		445327A094057374455F9FD5 /* LEIA-ME.txt */ = {isa = PBXFileReference; lastKnownFileType = text; path = "LEIA-ME.txt"; sourceTree = "<group>"; };
		464E41DA23598ED80A750BD4 /* EscaliburWalletUITests.xctest */ = {isa = PBXFileReference; includeInIndex = 0; lastKnownFileType = wrapper.cfbundle; path = EscaliburWalletUITests.xctest; sourceTree = BUILT_PRODUCTS_DIR; };
		4A0E9C686393C93E1E34895B /* PlatformGuards.swift */ = {isa = PBXFileReference; lastKnownFileType = sourcecode.swift; path = PlatformGuards.swift; sourceTree = "<group>"; };
		529FF2FD620686A71B265A06 /* RevealFlow.swift */ = {isa = PBXFileReference; lastKnownFileType = sourcecode.swift; path = RevealFlow.swift; sourceTree = "<group>"; };
		609FB55F39FC297CF3C80DE8 /* Kit */ = {isa = PBXFileReference; lastKnownFileType = folder; name = Kit; path = Kit; sourceTree = SOURCE_ROOT; };
		634FB486C1AC19A1DC738122 /* AddWalletView.swift */ = {isa = PBXFileReference; lastKnownFileType = sourcecode.swift; path = AddWalletView.swift; sourceTree = "<group>"; };
		71977F38FE1026DDFD0C189A /* DebugDemo.swift */ = {isa = PBXFileReference; lastKnownFileType = sourcecode.swift; path = DebugDemo.swift; sourceTree = "<group>"; };
		7372B2C6D0156F65AA215FE5 /* SettingsView.swift */ = {isa = PBXFileReference; lastKnownFileType = sourcecode.swift; path = SettingsView.swift; sourceTree = "<group>"; };
		7543B278315E1446160A8DAF /* QRScannerSheet.swift */ = {isa = PBXFileReference; lastKnownFileType = sourcecode.swift; path = QRScannerSheet.swift; sourceTree = "<group>"; };
		77C53992781573FB54743C00 /* SecureInputField.swift */ = {isa = PBXFileReference; lastKnownFileType = sourcecode.swift; path = SecureInputField.swift; sourceTree = "<group>"; };
		781A92DCAC657FBE12804D78 /* PINPad.swift */ = {isa = PBXFileReference; lastKnownFileType = sourcecode.swift; path = PINPad.swift; sourceTree = "<group>"; };
		782DB62D8556B5675B57F47E /* OpenEnvelopeFlow.swift */ = {isa = PBXFileReference; lastKnownFileType = sourcecode.swift; path = OpenEnvelopeFlow.swift; sourceTree = "<group>"; };
		7E67A652A823737F6EAC7745 /* RootView.swift */ = {isa = PBXFileReference; lastKnownFileType = sourcecode.swift; path = RootView.swift; sourceTree = "<group>"; };
		85AD68422B44E0DD96545710 /* ContactsView.swift */ = {isa = PBXFileReference; lastKnownFileType = sourcecode.swift; path = ContactsView.swift; sourceTree = "<group>"; };
		878FC0383FDC934FC98F0EA0 /* decifrar.py */ = {isa = PBXFileReference; lastKnownFileType = text.script.python; path = decifrar.py; sourceTree = "<group>"; };
		93C77E773E63B6664F4262AD /* Metadata.swift */ = {isa = PBXFileReference; lastKnownFileType = sourcecode.swift; path = Metadata.swift; sourceTree = "<group>"; };
		98728880640B5B94955214E7 /* ImportPhraseView.swift */ = {isa = PBXFileReference; lastKnownFileType = sourcecode.swift; path = ImportPhraseView.swift; sourceTree = "<group>"; };
		98B99C8E82247CAD42E358D7 /* Buttons.swift */ = {isa = PBXFileReference; lastKnownFileType = sourcecode.swift; path = Buttons.swift; sourceTree = "<group>"; };
		A1BADB432EFAFD601991FB0A /* MarketView.swift */ = {isa = PBXFileReference; lastKnownFileType = sourcecode.swift; path = MarketView.swift; sourceTree = "<group>"; };
		A98E0FCFFA466C4A03F3490A /* AppSession.swift */ = {isa = PBXFileReference; lastKnownFileType = sourcecode.swift; path = AppSession.swift; sourceTree = "<group>"; };
		AAEF81421478F9FA6F85FE56 /* Palette.swift */ = {isa = PBXFileReference; lastKnownFileType = sourcecode.swift; path = Palette.swift; sourceTree = "<group>"; };
		B2CB54D5FE5615D8A3F582F8 /* ReceiveSheet.swift */ = {isa = PBXFileReference; lastKnownFileType = sourcecode.swift; path = ReceiveSheet.swift; sourceTree = "<group>"; };
		B8A6F64264BCB67BF77E407A /* OnboardingFlow.swift */ = {isa = PBXFileReference; lastKnownFileType = sourcecode.swift; path = OnboardingFlow.swift; sourceTree = "<group>"; };
		BC0C91AC7C8CD9C5B8D31703 /* Components.swift */ = {isa = PBXFileReference; lastKnownFileType = sourcecode.swift; path = Components.swift; sourceTree = "<group>"; };
		BEDF5B057ACFC03FB7CA324E /* PriceChart.swift */ = {isa = PBXFileReference; lastKnownFileType = sourcecode.swift; path = PriceChart.swift; sourceTree = "<group>"; };
		C10914896D99BB58942178E3 /* Router.swift */ = {isa = PBXFileReference; lastKnownFileType = sourcecode.swift; path = Router.swift; sourceTree = "<group>"; };
		C114911EA7725CA6C7171D11 /* VoiceGate.swift */ = {isa = PBXFileReference; lastKnownFileType = sourcecode.swift; path = VoiceGate.swift; sourceTree = "<group>"; };
		C9DC6B0CBDCCFACCFD0295B9 /* CoinLogo.swift */ = {isa = PBXFileReference; lastKnownFileType = sourcecode.swift; path = CoinLogo.swift; sourceTree = "<group>"; };
		CAD9F6152DC6477FF648F72C /* OnboardingFlowTests.swift */ = {isa = PBXFileReference; lastKnownFileType = sourcecode.swift; path = OnboardingFlowTests.swift; sourceTree = "<group>"; };
		CCC223F64D98A451F9C2AFD2 /* ActivityView.swift */ = {isa = PBXFileReference; lastKnownFileType = sourcecode.swift; path = ActivityView.swift; sourceTree = "<group>"; };
		CF3019F2F06749CD522B32AB /* FORMATO.md */ = {isa = PBXFileReference; lastKnownFileType = net.daringfireball.markdown; path = FORMATO.md; sourceTree = "<group>"; };
		D0E6EBFF95E21A9523382BC5 /* Format.swift */ = {isa = PBXFileReference; lastKnownFileType = sourcecode.swift; path = Format.swift; sourceTree = "<group>"; };
		D423B66DA20C4DA018418902 /* AuthCoordinator.swift */ = {isa = PBXFileReference; lastKnownFileType = sourcecode.swift; path = AuthCoordinator.swift; sourceTree = "<group>"; };
		D4DB4670DA96F1FBC6FF41CC /* LockView.swift */ = {isa = PBXFileReference; lastKnownFileType = sourcecode.swift; path = LockView.swift; sourceTree = "<group>"; };
		E34BAC1217309C0064F23CE7 /* TradeView.swift */ = {isa = PBXFileReference; lastKnownFileType = sourcecode.swift; path = TradeView.swift; sourceTree = "<group>"; };
		E7441E45998B7F6AA7BCE1E4 /* Marks.swift */ = {isa = PBXFileReference; lastKnownFileType = sourcecode.swift; path = Marks.swift; sourceTree = "<group>"; };
		E7B2519CA657D4A05E4C4A06 /* Metrics.swift */ = {isa = PBXFileReference; lastKnownFileType = sourcecode.swift; path = Metrics.swift; sourceTree = "<group>"; };
		F5287E825D53043F109D791D /* RecordWordsView.swift */ = {isa = PBXFileReference; lastKnownFileType = sourcecode.swift; path = RecordWordsView.swift; sourceTree = "<group>"; };
		F5ECD2EB5627AA912E7957E4 /* DeviceIntegrity.swift */ = {isa = PBXFileReference; lastKnownFileType = sourcecode.swift; path = DeviceIntegrity.swift; sourceTree = "<group>"; };
/* End PBXFileReference section */

/* Begin PBXFrameworksBuildPhase section */
		ACDDEAD8563055A9ADBA0B5F /* Frameworks */ = {
			isa = PBXFrameworksBuildPhase;
			buildActionMask = 2147483647;
			files = (
				12BD568C64CF45967323782A /* EscaliburCore in Frameworks */,
				93415D653E703DD5BF6B4C78 /* EscaliburChains in Frameworks */,
				5E9A7A552DC87E261A506B48 /* EscaliburKeys in Frameworks */,
				8A3A9028D49AF27A483E090C /* EscaliburNetwork in Frameworks */,
				7B173231DE2779A868F26303 /* EscaliburEngines in Frameworks */,
			);
			runOnlyForDeploymentPostprocessing = 0;
		};
/* End PBXFrameworksBuildPhase section */

/* Begin PBXGroup section */
		08DAAF76A054FAD4037E9F97 /* Products */ = {
			isa = PBXGroup;
			children = (
				1292233C35D3175EC36E4F70 /* EscaliburWallet.app */,
				464E41DA23598ED80A750BD4 /* EscaliburWalletUITests.xctest */,
			);
			name = Products;
			sourceTree = "<group>";
		};
		09B8D2977A8E44790180B01A /* Market */ = {
			isa = PBXGroup;
			children = (
				A1BADB432EFAFD601991FB0A /* MarketView.swift */,
			);
			path = Market;
			sourceTree = "<group>";
		};
		0FDFBB2D55A9194577AB6FF8 /* App */ = {
			isa = PBXGroup;
			children = (
				A98E0FCFFA466C4A03F3490A /* AppSession.swift */,
				71977F38FE1026DDFD0C189A /* DebugDemo.swift */,
				F5ECD2EB5627AA912E7957E4 /* DeviceIntegrity.swift */,
				355CF68861420A9DC552DF01 /* EscaliburWalletApp.swift */,
				4A0E9C686393C93E1E34895B /* PlatformGuards.swift */,
				7E67A652A823737F6EAC7745 /* RootView.swift */,
				C10914896D99BB58942178E3 /* Router.swift */,
			);
			path = App;
			sourceTree = "<group>";
		};
		1313ED36EDCBB2C065C087F8 /* EscaliburWallet */ = {
			isa = PBXGroup;
			children = (
				0FDFBB2D55A9194577AB6FF8 /* App */,
				DA1E5613893FEC7631AEFE67 /* Design */,
				F51F74A7931536E0F50857E3 /* Features */,
				3F31E6B1F12666CB972EC866 /* Resources */,
				2914FD14F4F338C5CC589252 /* Services */,
			);
			path = EscaliburWallet;
			sourceTree = "<group>";
		};
		28A2FEB50BF1ACA8C6963772 /* Wallet */ = {
			isa = PBXGroup;
			children = (
				0AB2C6C888DAF848A575AD7A /* AssetDetailView.swift */,
				BEDF5B057ACFC03FB7CA324E /* PriceChart.swift */,
				0E3E554F1FF4F3B1B0A077A6 /* WalletHomeView.swift */,
			);
			path = Wallet;
			sourceTree = "<group>";
		};
		2914FD14F4F338C5CC589252 /* Services */ = {
			isa = PBXGroup;
			children = (
				D423B66DA20C4DA018418902 /* AuthCoordinator.swift */,
				1722E329135DB398B784E8C8 /* KeyServices.swift */,
				93C77E773E63B6664F4262AD /* Metadata.swift */,
				09712057581F9378B87996C5 /* PasswordCost.swift */,
				4027F05D922AF46864DCED58 /* Portfolio.swift */,
				C114911EA7725CA6C7171D11 /* VoiceGate.swift */,
			);
			path = Services;
			sourceTree = "<group>";
		};
		3CB515FF159E32BF5AB17040 /* Trade */ = {
			isa = PBXGroup;
			children = (
				E34BAC1217309C0064F23CE7 /* TradeView.swift */,
			);
			path = Trade;
			sourceTree = "<group>";
		};
		3F31E6B1F12666CB972EC866 /* Resources */ = {
			isa = PBXGroup;
			children = (
				2D484651018FF5D48FD37087 /* Assets.xcassets */,
				6E8E6429DDBD541C15C27864 /* Recuperacao */,
			);
			path = Resources;
			sourceTree = "<group>";
		};
		6D35E79B4E7BBC60645EDBAB /* Send */ = {
			isa = PBXGroup;
			children = (
				7543B278315E1446160A8DAF /* QRScannerSheet.swift */,
				09754506E0869351661279D1 /* SendFlow.swift */,
			);
			path = Send;
			sourceTree = "<group>";
		};
		6E8E6429DDBD541C15C27864 /* Recuperacao */ = {
			isa = PBXGroup;
			children = (
				878FC0383FDC934FC98F0EA0 /* decifrar.py */,
				CF3019F2F06749CD522B32AB /* FORMATO.md */,
				445327A094057374455F9FD5 /* LEIA-ME.txt */,
			);
			path = Recuperacao;
			sourceTree = "<group>";
		};
		7719C44BCFB732B2DA3A73BE /* EscaliburWalletUITests */ = {
			isa = PBXGroup;
			children = (
				CAD9F6152DC6477FF648F72C /* OnboardingFlowTests.swift */,
			);
			path = EscaliburWalletUITests;
			sourceTree = "<group>";
		};
		829F6A2F8539DD353072A26A /* Activity */ = {
			isa = PBXGroup;
			children = (
				CCC223F64D98A451F9C2AFD2 /* ActivityView.swift */,
			);
			path = Activity;
			sourceTree = "<group>";
		};
		8AB2E31C7DDF2422B8F4E7ED /* Settings */ = {
			isa = PBXGroup;
			children = (
				85AD68422B44E0DD96545710 /* ContactsView.swift */,
				529FF2FD620686A71B265A06 /* RevealFlow.swift */,
				7372B2C6D0156F65AA215FE5 /* SettingsView.swift */,
				1083A2AC68687CB05E28823A /* VoiceSettingsView.swift */,
			);
			path = Settings;
			sourceTree = "<group>";
		};
		8D3A48EE59C48F821B44E4BE /* NewWallet */ = {
			isa = PBXGroup;
			children = (
				634FB486C1AC19A1DC738122 /* AddWalletView.swift */,
				98728880640B5B94955214E7 /* ImportPhraseView.swift */,
				15276BF5A254093B41A55B40 /* NewWalletFlow.swift */,
				F5287E825D53043F109D791D /* RecordWordsView.swift */,
			);
			path = NewWallet;
			sourceTree = "<group>";
		};
		96313B8D851FAC37D702C8C1 /* Receive */ = {
			isa = PBXGroup;
			children = (
				B2CB54D5FE5615D8A3F582F8 /* ReceiveSheet.swift */,
			);
			path = Receive;
			sourceTree = "<group>";
		};
		C35E30B6B67E5755EBE49E2C = {
			isa = PBXGroup;
			children = (
				DA3A1AA5D7FDA42F01937BA6 /* App */,
				F270433245B840975F2AB3B6 /* Packages */,
				08DAAF76A054FAD4037E9F97 /* Products */,
			);
			sourceTree = "<group>";
		};
		CE2477751DA28DBA56CAA84C /* Onboarding */ = {
			isa = PBXGroup;
			children = (
				B8A6F64264BCB67BF77E407A /* OnboardingFlow.swift */,
			);
			path = Onboarding;
			sourceTree = "<group>";
		};
		D177F55AD137B646F2FB68DC /* Envelope */ = {
			isa = PBXGroup;
			children = (
				782DB62D8556B5675B57F47E /* OpenEnvelopeFlow.swift */,
				31B37C01BC744F32B7EE6352 /* SealEnvelopeFlow.swift */,
			);
			path = Envelope;
			sourceTree = "<group>";
		};
		D74B500F787065B641FB704B /* Lock */ = {
			isa = PBXGroup;
			children = (
				D4DB4670DA96F1FBC6FF41CC /* LockView.swift */,
				781A92DCAC657FBE12804D78 /* PINPad.swift */,
			);
			path = Lock;
			sourceTree = "<group>";
		};
		DA1E5613893FEC7631AEFE67 /* Design */ = {
			isa = PBXGroup;
			children = (
				98B99C8E82247CAD42E358D7 /* Buttons.swift */,
				C9DC6B0CBDCCFACCFD0295B9 /* CoinLogo.swift */,
				BC0C91AC7C8CD9C5B8D31703 /* Components.swift */,
				D0E6EBFF95E21A9523382BC5 /* Format.swift */,
				E7441E45998B7F6AA7BCE1E4 /* Marks.swift */,
				E7B2519CA657D4A05E4C4A06 /* Metrics.swift */,
				AAEF81421478F9FA6F85FE56 /* Palette.swift */,
				77C53992781573FB54743C00 /* SecureInputField.swift */,
				38287337A415C5A48CB564C8 /* Typography.swift */,
			);
			path = Design;
			sourceTree = "<group>";
		};
		DA3A1AA5D7FDA42F01937BA6 /* App */ = {
			isa = PBXGroup;
			children = (
				1313ED36EDCBB2C065C087F8 /* EscaliburWallet */,
				7719C44BCFB732B2DA3A73BE /* EscaliburWalletUITests */,
			);
			path = App;
			sourceTree = "<group>";
		};
		F270433245B840975F2AB3B6 /* Packages */ = {
			isa = PBXGroup;
			children = (
				609FB55F39FC297CF3C80DE8 /* Kit */,
			);
			name = Packages;
			sourceTree = "<group>";
		};
		F51F74A7931536E0F50857E3 /* Features */ = {
			isa = PBXGroup;
			children = (
				829F6A2F8539DD353072A26A /* Activity */,
				D177F55AD137B646F2FB68DC /* Envelope */,
				D74B500F787065B641FB704B /* Lock */,
				09B8D2977A8E44790180B01A /* Market */,
				8D3A48EE59C48F821B44E4BE /* NewWallet */,
				CE2477751DA28DBA56CAA84C /* Onboarding */,
				96313B8D851FAC37D702C8C1 /* Receive */,
				6D35E79B4E7BBC60645EDBAB /* Send */,
				8AB2E31C7DDF2422B8F4E7ED /* Settings */,
				3CB515FF159E32BF5AB17040 /* Trade */,
				28A2FEB50BF1ACA8C6963772 /* Wallet */,
			);
			path = Features;
			sourceTree = "<group>";
		};
/* End PBXGroup section */

/* Begin PBXNativeTarget section */
		1BB9E87C01E98FCD7D8CD165 /* EscaliburWalletUITests */ = {
			isa = PBXNativeTarget;
			buildConfigurationList = 7CDF93D7BAB804E87CD3DE7C /* Build configuration list for PBXNativeTarget "EscaliburWalletUITests" */;
			buildPhases = (
				93A123D8151C63B5A9BA852C /* Sources */,
			);
			buildRules = (
			);
			dependencies = (
				37D7739BA2AEDFA234EDC04C /* PBXTargetDependency */,
			);
			name = EscaliburWalletUITests;
			packageProductDependencies = (
			);
			productName = EscaliburWalletUITests;
			productReference = 464E41DA23598ED80A750BD4 /* EscaliburWalletUITests.xctest */;
			productType = "com.apple.product-type.bundle.ui-testing";
		};
		56CDD72F2FFC48B00F5FA0D8 /* EscaliburWallet */ = {
			isa = PBXNativeTarget;
			buildConfigurationList = 504EEFB4447FF609BB79B60C /* Build configuration list for PBXNativeTarget "EscaliburWallet" */;
			buildPhases = (
				F127B8E373B2DD858DB73D1F /* Sources */,
				8C3B34E161C760554E17B78D /* Resources */,
				ACDDEAD8563055A9ADBA0B5F /* Frameworks */,
			);
			buildRules = (
			);
			dependencies = (
			);
			name = EscaliburWallet;
			packageProductDependencies = (
				A4C81A0CCD412F2DC84E5F3E /* EscaliburCore */,
				10B4A1AD96C0179B1C450517 /* EscaliburChains */,
				0911AD585A30024A352B31B6 /* EscaliburKeys */,
				C09378074DCB9273C75F8FA1 /* EscaliburNetwork */,
				3E79C0581616E2A098D4B56B /* EscaliburEngines */,
			);
			productName = EscaliburWallet;
			productReference = 1292233C35D3175EC36E4F70 /* EscaliburWallet.app */;
			productType = "com.apple.product-type.application";
		};
/* End PBXNativeTarget section */

/* Begin PBXProject section */
		8F06F4F27AF9A8EDF471ECC0 /* Project object */ = {
			isa = PBXProject;
			attributes = {
				BuildIndependentTargetsInParallel = YES;
				LastUpgradeCheck = 1430;
				TargetAttributes = {
					1BB9E87C01E98FCD7D8CD165 = {
						DevelopmentTeam = 2UNWMDD93S;
						TestTargetID = 56CDD72F2FFC48B00F5FA0D8;
					};
					56CDD72F2FFC48B00F5FA0D8 = {
						DevelopmentTeam = 2UNWMDD93S;
					};
				};
			};
			buildConfigurationList = BE062B5B6EB116A67172CD14 /* Build configuration list for PBXProject "EscaliburWallet" */;
			compatibilityVersion = "Xcode 14.0";
			developmentRegion = "pt-BR";
			hasScannedForEncodings = 0;
			knownRegions = (
				Base,
				"pt-BR",
			);
			mainGroup = C35E30B6B67E5755EBE49E2C;
			minimizedProjectReferenceProxies = 1;
			packageReferences = (
				EA2C339252456F90089A75A6 /* XCLocalSwiftPackageReference "Kit" */,
			);
			preferredProjectObjectVersion = 77;
			projectDirPath = "";
			projectRoot = "";
			targets = (
				56CDD72F2FFC48B00F5FA0D8 /* EscaliburWallet */,
				1BB9E87C01E98FCD7D8CD165 /* EscaliburWalletUITests */,
			);
		};
/* End PBXProject section */

/* Begin PBXResourcesBuildPhase section */
		8C3B34E161C760554E17B78D /* Resources */ = {
			isa = PBXResourcesBuildPhase;
			buildActionMask = 2147483647;
			files = (
				F9AA5C1E81DED2AF9F55AA8C /* Assets.xcassets in Resources */,
				0BD31CF923D94F41C7BF61FE /* FORMATO.md in Resources */,
				DA717CEE0E76AEF1F0CBCE9A /* LEIA-ME.txt in Resources */,
				7A74109E68924D0D8E3AC608 /* decifrar.py in Resources */,
			);
			runOnlyForDeploymentPostprocessing = 0;
		};
/* End PBXResourcesBuildPhase section */

/* Begin PBXSourcesBuildPhase section */
		93A123D8151C63B5A9BA852C /* Sources */ = {
			isa = PBXSourcesBuildPhase;
			buildActionMask = 2147483647;
			files = (
				20F684E79E7161139654F6DE /* OnboardingFlowTests.swift in Sources */,
			);
			runOnlyForDeploymentPostprocessing = 0;
		};
		F127B8E373B2DD858DB73D1F /* Sources */ = {
			isa = PBXSourcesBuildPhase;
			buildActionMask = 2147483647;
			files = (
				764A13E8CD7AFD1D2F471CDF /* ActivityView.swift in Sources */,
				91F8E34E141C393E6B6C5CE6 /* AddWalletView.swift in Sources */,
				C9C99BCB70E1AFF3536D3968 /* AppSession.swift in Sources */,
				F2B74E9DFA78D4082923023D /* AssetDetailView.swift in Sources */,
				2468359EF9FB1503F19395D5 /* AuthCoordinator.swift in Sources */,
				E09B8272656E909426D4987D /* Buttons.swift in Sources */,
				B259A28741C3A8C0F7D74759 /* CoinLogo.swift in Sources */,
				76A2BB3A1E60F49DD5B818C6 /* Components.swift in Sources */,
				5932324C0521646D89823F75 /* ContactsView.swift in Sources */,
				424496A6E4E34E2651C3AC55 /* DebugDemo.swift in Sources */,
				DAC0E966C277EFDAF466D0EB /* DeviceIntegrity.swift in Sources */,
				17CA7D116449E54B8C9164F4 /* EscaliburWalletApp.swift in Sources */,
				2ADDAFAC91F93366C64CECDF /* Format.swift in Sources */,
				F8EA2B1B268220A255B30FAB /* ImportPhraseView.swift in Sources */,
				D9BE60229797504784BC6F97 /* KeyServices.swift in Sources */,
				F6959527BC4CC168A38CFA35 /* LockView.swift in Sources */,
				0B7E83EED78DFCB68FCE521B /* MarketView.swift in Sources */,
				FABE9F4C3D6EBE05D7CB48CE /* Marks.swift in Sources */,
				A2EB350AFF4C3B63897F97DA /* Metadata.swift in Sources */,
				6832C52B400E2CFFD88D7305 /* Metrics.swift in Sources */,
				94C21BC26784B1AD6AE63CB8 /* NewWalletFlow.swift in Sources */,
				8C41E86F595FADDBED53F5FB /* OnboardingFlow.swift in Sources */,
				32C85CC66E71ADDE142F2B2C /* OpenEnvelopeFlow.swift in Sources */,
				39A4945DC4DAEFEDE0DBEB1F /* PINPad.swift in Sources */,
				9D854536327CD96F2ADF6FAB /* Palette.swift in Sources */,
				3967E001B19F4B47911C2FC2 /* PasswordCost.swift in Sources */,
				90598C8C8DF76C86015A5AF8 /* PlatformGuards.swift in Sources */,
				9A8477455F2ABEB9D91113AF /* Portfolio.swift in Sources */,
				D9993FE2FD6DDDCA4F84E8C6 /* PriceChart.swift in Sources */,
				19E1559AA99AE5A16A3BD1AC /* QRScannerSheet.swift in Sources */,
				F60A5B68C1C271353B804B0B /* ReceiveSheet.swift in Sources */,
				5848F371CF905048C9ABA616 /* RecordWordsView.swift in Sources */,
				CE83B0D99CF75C35C220FAB4 /* RevealFlow.swift in Sources */,
				3436AC2D44A808B71561FBA0 /* RootView.swift in Sources */,
				8AD9BAAFA95723925CCB3A6D /* Router.swift in Sources */,
				E345A5856750B23E38B8A35E /* SealEnvelopeFlow.swift in Sources */,
				57B948F45FB2B7684F3E0E2C /* SecureInputField.swift in Sources */,
				7E1A69CBC8BDCE4F37921E6E /* SendFlow.swift in Sources */,
				EAD6592758D7814329227F15 /* SettingsView.swift in Sources */,
				A86E2552260E069EEA06CFAE /* TradeView.swift in Sources */,
				E74B179E19640B5584F2F303 /* Typography.swift in Sources */,
				271A5135782331B746AC5833 /* VoiceGate.swift in Sources */,
				94DBFEF727803296C21B8924 /* VoiceSettingsView.swift in Sources */,
				26ABABDDB73200E71CD0D50F /* WalletHomeView.swift in Sources */,
			);
			runOnlyForDeploymentPostprocessing = 0;
		};
/* End PBXSourcesBuildPhase section */

/* Begin PBXTargetDependency section */
		37D7739BA2AEDFA234EDC04C /* PBXTargetDependency */ = {
			isa = PBXTargetDependency;
			target = 56CDD72F2FFC48B00F5FA0D8 /* EscaliburWallet */;
			targetProxy = 497EF24990B881650CE9EB59 /* PBXContainerItemProxy */;
		};
/* End PBXTargetDependency section */

/* Begin XCBuildConfiguration section */
		1779EE3AAF0C71004BB86DD2 /* Release */ = {
			isa = XCBuildConfiguration;
			buildSettings = {
				ALWAYS_SEARCH_USER_PATHS = NO;
				CLANG_ANALYZER_NONNULL = YES;
				CLANG_ANALYZER_NUMBER_OBJECT_CONVERSION = YES_AGGRESSIVE;
				CLANG_CXX_LANGUAGE_STANDARD = "gnu++14";
				CLANG_CXX_LIBRARY = "libc++";
				CLANG_ENABLE_MODULES = YES;
				CLANG_ENABLE_OBJC_ARC = YES;
				CLANG_ENABLE_OBJC_WEAK = YES;
				CLANG_WARN_BLOCK_CAPTURE_AUTORELEASING = YES;
				CLANG_WARN_BOOL_CONVERSION = YES;
				CLANG_WARN_COMMA = YES;
				CLANG_WARN_CONSTANT_CONVERSION = YES;
				CLANG_WARN_DEPRECATED_OBJC_IMPLEMENTATIONS = YES;
				CLANG_WARN_DIRECT_OBJC_ISA_USAGE = YES_ERROR;
				CLANG_WARN_DOCUMENTATION_COMMENTS = YES;
				CLANG_WARN_EMPTY_BODY = YES;
				CLANG_WARN_ENUM_CONVERSION = YES;
				CLANG_WARN_INFINITE_RECURSION = YES;
				CLANG_WARN_INT_CONVERSION = YES;
				CLANG_WARN_NON_LITERAL_NULL_CONVERSION = YES;
				CLANG_WARN_OBJC_IMPLICIT_RETAIN_SELF = YES;
				CLANG_WARN_OBJC_LITERAL_CONVERSION = YES;
				CLANG_WARN_OBJC_ROOT_CLASS = YES_ERROR;
				CLANG_WARN_QUOTED_INCLUDE_IN_FRAMEWORK_HEADER = YES;
				CLANG_WARN_RANGE_LOOP_ANALYSIS = YES;
				CLANG_WARN_STRICT_PROTOTYPES = YES;
				CLANG_WARN_SUSPICIOUS_MOVE = YES;
				CLANG_WARN_UNGUARDED_AVAILABILITY = YES_AGGRESSIVE;
				CLANG_WARN_UNREACHABLE_CODE = YES;
				CLANG_WARN__DUPLICATE_METHOD_MATCH = YES;
				COPY_PHASE_STRIP = NO;
				CURRENT_PROJECT_VERSION = 1;
				DEAD_CODE_STRIPPING = YES;
				DEBUG_INFORMATION_FORMAT = "dwarf-with-dsym";
				ENABLE_NS_ASSERTIONS = NO;
				ENABLE_STRICT_OBJC_MSGSEND = YES;
				ENABLE_USER_SCRIPT_SANDBOXING = YES;
				GCC_C_LANGUAGE_STANDARD = gnu11;
				GCC_NO_COMMON_BLOCKS = YES;
				GCC_WARN_64_TO_32_BIT_CONVERSION = YES;
				GCC_WARN_ABOUT_RETURN_TYPE = YES_ERROR;
				GCC_WARN_UNDECLARED_SELECTOR = YES;
				GCC_WARN_UNINITIALIZED_AUTOS = YES_AGGRESSIVE;
				GCC_WARN_UNUSED_FUNCTION = YES;
				GCC_WARN_UNUSED_VARIABLE = YES;
				IPHONEOS_DEPLOYMENT_TARGET = 17.0;
				MARKETING_VERSION = 1.0.0;
				MTL_ENABLE_DEBUG_INFO = NO;
				MTL_FAST_MATH = YES;
				PRODUCT_NAME = "$(TARGET_NAME)";
				SDKROOT = iphoneos;
				SWIFT_COMPILATION_MODE = wholemodule;
				SWIFT_OPTIMIZATION_LEVEL = "-O";
				SWIFT_VERSION = 6.0;
			};
			name = Release;
		};
		56394A61CFDC54629EA32A1D /* Debug */ = {
			isa = XCBuildConfiguration;
			buildSettings = {
				ASSETCATALOG_COMPILER_APPICON_NAME = AppIcon;
				CODE_SIGN_ENTITLEMENTS = App/EscaliburWallet/Resources/EscaliburWallet.entitlements;
				CODE_SIGN_IDENTITY = "iPhone Developer";
				DEVELOPMENT_TEAM = 2UNWMDD93S;
				INFOPLIST_FILE = App/EscaliburWallet/Resources/Info.plist;
				LD_RUNPATH_SEARCH_PATHS = (
					"$(inherited)",
					"@executable_path/Frameworks",
				);
				PRODUCT_BUNDLE_IDENTIFIER = com.thomazjr.escalibur.wallet;
				PRODUCT_NAME = EscaliburWallet;
				SDKROOT = iphoneos;
				SWIFT_STRICT_CONCURRENCY = complete;
				TARGETED_DEVICE_FAMILY = 1;
			};
			name = Debug;
		};
		83E60A3C5EE125A6BEDCE8B2 /* Release */ = {
			isa = XCBuildConfiguration;
			buildSettings = {
				BUNDLE_LOADER = "$(TEST_HOST)";
				DEVELOPMENT_TEAM = 2UNWMDD93S;
				GENERATE_INFOPLIST_FILE = YES;
				LD_RUNPATH_SEARCH_PATHS = (
					"$(inherited)",
					"@executable_path/Frameworks",
					"@loader_path/Frameworks",
				);
				PRODUCT_BUNDLE_IDENTIFIER = com.thomazjr.escalibur.wallet.uitests;
				SDKROOT = iphoneos;
				SWIFT_STRICT_CONCURRENCY = minimal;
				TARGETED_DEVICE_FAMILY = "1,2";
				TEST_TARGET_NAME = EscaliburWallet;
			};
			name = Release;
		};
		AA8E2CED7957B9AED590AF66 /* Release */ = {
			isa = XCBuildConfiguration;
			buildSettings = {
				ASSETCATALOG_COMPILER_APPICON_NAME = AppIcon;
				CODE_SIGN_ENTITLEMENTS = App/EscaliburWallet/Resources/EscaliburWallet.entitlements;
				CODE_SIGN_IDENTITY = "iPhone Developer";
				DEVELOPMENT_TEAM = 2UNWMDD93S;
				INFOPLIST_FILE = App/EscaliburWallet/Resources/Info.plist;
				LD_RUNPATH_SEARCH_PATHS = (
					"$(inherited)",
					"@executable_path/Frameworks",
				);
				PRODUCT_BUNDLE_IDENTIFIER = com.thomazjr.escalibur.wallet;
				PRODUCT_NAME = EscaliburWallet;
				SDKROOT = iphoneos;
				SWIFT_STRICT_CONCURRENCY = complete;
				TARGETED_DEVICE_FAMILY = 1;
			};
			name = Release;
		};
		B0877DFF46BA670492B72AC6 /* Debug */ = {
			isa = XCBuildConfiguration;
			buildSettings = {
				ALWAYS_SEARCH_USER_PATHS = NO;
				CLANG_ANALYZER_NONNULL = YES;
				CLANG_ANALYZER_NUMBER_OBJECT_CONVERSION = YES_AGGRESSIVE;
				CLANG_CXX_LANGUAGE_STANDARD = "gnu++14";
				CLANG_CXX_LIBRARY = "libc++";
				CLANG_ENABLE_MODULES = YES;
				CLANG_ENABLE_OBJC_ARC = YES;
				CLANG_ENABLE_OBJC_WEAK = YES;
				CLANG_WARN_BLOCK_CAPTURE_AUTORELEASING = YES;
				CLANG_WARN_BOOL_CONVERSION = YES;
				CLANG_WARN_COMMA = YES;
				CLANG_WARN_CONSTANT_CONVERSION = YES;
				CLANG_WARN_DEPRECATED_OBJC_IMPLEMENTATIONS = YES;
				CLANG_WARN_DIRECT_OBJC_ISA_USAGE = YES_ERROR;
				CLANG_WARN_DOCUMENTATION_COMMENTS = YES;
				CLANG_WARN_EMPTY_BODY = YES;
				CLANG_WARN_ENUM_CONVERSION = YES;
				CLANG_WARN_INFINITE_RECURSION = YES;
				CLANG_WARN_INT_CONVERSION = YES;
				CLANG_WARN_NON_LITERAL_NULL_CONVERSION = YES;
				CLANG_WARN_OBJC_IMPLICIT_RETAIN_SELF = YES;
				CLANG_WARN_OBJC_LITERAL_CONVERSION = YES;
				CLANG_WARN_OBJC_ROOT_CLASS = YES_ERROR;
				CLANG_WARN_QUOTED_INCLUDE_IN_FRAMEWORK_HEADER = YES;
				CLANG_WARN_RANGE_LOOP_ANALYSIS = YES;
				CLANG_WARN_STRICT_PROTOTYPES = YES;
				CLANG_WARN_SUSPICIOUS_MOVE = YES;
				CLANG_WARN_UNGUARDED_AVAILABILITY = YES_AGGRESSIVE;
				CLANG_WARN_UNREACHABLE_CODE = YES;
				CLANG_WARN__DUPLICATE_METHOD_MATCH = YES;
				COPY_PHASE_STRIP = NO;
				CURRENT_PROJECT_VERSION = 1;
				DEAD_CODE_STRIPPING = YES;
				DEBUG_INFORMATION_FORMAT = dwarf;
				ENABLE_STRICT_OBJC_MSGSEND = YES;
				ENABLE_TESTABILITY = YES;
				ENABLE_USER_SCRIPT_SANDBOXING = YES;
				GCC_C_LANGUAGE_STANDARD = gnu11;
				GCC_DYNAMIC_NO_PIC = NO;
				GCC_NO_COMMON_BLOCKS = YES;
				GCC_OPTIMIZATION_LEVEL = 0;
				GCC_PREPROCESSOR_DEFINITIONS = (
					"$(inherited)",
					"DEBUG=1",
				);
				GCC_WARN_64_TO_32_BIT_CONVERSION = YES;
				GCC_WARN_ABOUT_RETURN_TYPE = YES_ERROR;
				GCC_WARN_UNDECLARED_SELECTOR = YES;
				GCC_WARN_UNINITIALIZED_AUTOS = YES_AGGRESSIVE;
				GCC_WARN_UNUSED_FUNCTION = YES;
				GCC_WARN_UNUSED_VARIABLE = YES;
				IPHONEOS_DEPLOYMENT_TARGET = 17.0;
				MARKETING_VERSION = 1.0.0;
				MTL_ENABLE_DEBUG_INFO = INCLUDE_SOURCE;
				MTL_FAST_MATH = YES;
				ONLY_ACTIVE_ARCH = YES;
				PRODUCT_NAME = "$(TARGET_NAME)";
				SDKROOT = iphoneos;
				SWIFT_ACTIVE_COMPILATION_CONDITIONS = DEBUG;
				SWIFT_OPTIMIZATION_LEVEL = "-Onone";
				SWIFT_VERSION = 6.0;
			};
			name = Debug;
		};
		E5EBA13D246287B62772E6C3 /* Debug */ = {
			isa = XCBuildConfiguration;
			buildSettings = {
				BUNDLE_LOADER = "$(TEST_HOST)";
				DEVELOPMENT_TEAM = 2UNWMDD93S;
				GENERATE_INFOPLIST_FILE = YES;
				LD_RUNPATH_SEARCH_PATHS = (
					"$(inherited)",
					"@executable_path/Frameworks",
					"@loader_path/Frameworks",
				);
				PRODUCT_BUNDLE_IDENTIFIER = com.thomazjr.escalibur.wallet.uitests;
				SDKROOT = iphoneos;
				SWIFT_STRICT_CONCURRENCY = minimal;
				TARGETED_DEVICE_FAMILY = "1,2";
				TEST_TARGET_NAME = EscaliburWallet;
			};
			name = Debug;
		};
/* End XCBuildConfiguration section */

/* Begin XCConfigurationList section */
		504EEFB4447FF609BB79B60C /* Build configuration list for PBXNativeTarget "EscaliburWallet" */ = {
			isa = XCConfigurationList;
			buildConfigurations = (
				56394A61CFDC54629EA32A1D /* Debug */,
				AA8E2CED7957B9AED590AF66 /* Release */,
			);
			defaultConfigurationIsVisible = 0;
			defaultConfigurationName = Debug;
		};
		7CDF93D7BAB804E87CD3DE7C /* Build configuration list for PBXNativeTarget "EscaliburWalletUITests" */ = {
			isa = XCConfigurationList;
			buildConfigurations = (
				E5EBA13D246287B62772E6C3 /* Debug */,
				83E60A3C5EE125A6BEDCE8B2 /* Release */,
			);
			defaultConfigurationIsVisible = 0;
			defaultConfigurationName = Debug;
		};
		BE062B5B6EB116A67172CD14 /* Build configuration list for PBXProject "EscaliburWallet" */ = {
			isa = XCConfigurationList;
			buildConfigurations = (
				B0877DFF46BA670492B72AC6 /* Debug */,
				1779EE3AAF0C71004BB86DD2 /* Release */,
			);
			defaultConfigurationIsVisible = 0;
			defaultConfigurationName = Debug;
		};
/* End XCConfigurationList section */

/* Begin XCLocalSwiftPackageReference section */
		EA2C339252456F90089A75A6 /* XCLocalSwiftPackageReference "Kit" */ = {
			isa = XCLocalSwiftPackageReference;
			relativePath = Kit;
		};
/* End XCLocalSwiftPackageReference section */

/* Begin XCSwiftPackageProductDependency section */
		0911AD585A30024A352B31B6 /* EscaliburKeys */ = {
			isa = XCSwiftPackageProductDependency;
			productName = EscaliburKeys;
		};
		10B4A1AD96C0179B1C450517 /* EscaliburChains */ = {
			isa = XCSwiftPackageProductDependency;
			productName = EscaliburChains;
		};
		3E79C0581616E2A098D4B56B /* EscaliburEngines */ = {
			isa = XCSwiftPackageProductDependency;
			productName = EscaliburEngines;
		};
		A4C81A0CCD412F2DC84E5F3E /* EscaliburCore */ = {
			isa = XCSwiftPackageProductDependency;
			productName = EscaliburCore;
		};
		C09378074DCB9273C75F8FA1 /* EscaliburNetwork */ = {
			isa = XCSwiftPackageProductDependency;
			productName = EscaliburNetwork;
		};
/* End XCSwiftPackageProductDependency section */
	};
	rootObject = 8F06F4F27AF9A8EDF471ECC0 /* Project object */;
}
